# THIS IS AN AUTOGENERATED FILE. DO NOT EDIT THIS FILE DIRECTLY.
# yarn lockfile v1


"@dcloudio/uni-ui@^1.4.14":
  version "1.4.14"
  resolved "https://registry.npmmirror.com/@dcloudio/uni-ui/-/uni-ui-1.4.14.tgz#4b19c78b5dda45bb533e87da40f6833459433df7"
  integrity sha512-eAqc9cs4DQwcq+TXFgAFkaafIcUKWGGbsERJE7Sc4ZBaAj8I6Pr0uAxKLmr7Jcc2IzVzel/RaIF5qv8DjuBBvg==
